// !$*UTF8*$!
{
	archiveVersion = 1;
	classes = {
	};
	objectVersion = 77;
	objects = {

/* Begin PBXContainerItemProxy section */
		34A5101A2DC9481F00439E13 /* PBXContainerItemProxy */ = {
			isa = PBXContainerItemProxy;
			containerPortal = 34A510042DC9481D00439E13 /* Project object */;
			proxyType = 1;
			remoteGlobalIDString = 34A5100B2DC9481D00439E13;
			remoteInfo = ExerciseChallengeTracker;
		};
		34A510242DC9481F00439E13 /* PBXContainerItemProxy */ = {
			isa = PBXContainerItemProxy;
			containerPortal = 34A510042DC9481D00439E13 /* Project object */;
			proxyType = 1;
			remoteGlobalIDString = 34A5100B2DC9481D00439E13;
			remoteInfo = ExerciseChallengeTracker;
		};
/* End PBXContainerItemProxy section */

/* Begin PBXFileReference section */
		34A5100C2DC9481D00439E13 /* ExerciseChallengeTracker.app */ = {isa = PBXFileReference; explicitFileType = wrapper.application; includeInIndex = 0; path = ExerciseChallengeTracker.app; sourceTree = BUILT_PRODUCTS_DIR; };
		34A510192DC9481F00439E13 /* ExerciseChallengeTrackerTests.xctest */ = {isa = PBXFileReference; explicitFileType = wrapper.cfbundle; includeInIndex = 0; path = ExerciseChallengeTrackerTests.xctest; sourceTree = BUILT_PRODUCTS_DIR; };
		34A510232DC9481F00439E13 /* ExerciseChallengeTrackerUITests.xctest */ = {isa = PBXFileReference; explicitFileType = wrapper.cfbundle; includeInIndex = 0; path = ExerciseChallengeTrackerUITests.xctest; sourceTree = BUILT_PRODUCTS_DIR; };
/* End PBXFileReference section */

/* Begin PBXFileSystemSynchronizedRootGroup section */
		34A5100E2DC9481D00439E13 /* ExerciseChallengeTracker */ = {
			isa = PBXFileSystemSynchronizedRootGroup;
			path = ExerciseChallengeTracker;
			sourceTree = "<group>";
		};
		34A5101C2DC9481F00439E13 /* ExerciseChallengeTrackerTests */ = {
			isa = PBXFileSystemSynchronizedRootGroup;
			path = ExerciseChallengeTrackerTests;
			sourceTree = "<group>";
		};
		34A510262DC9481F00439E13 /* ExerciseChallengeTrackerUITests */ = {
			isa = PBXFileSystemSynchronizedRootGroup;
			path = ExerciseChallengeTrackerUITests;
			sourceTree = "<group>";
		};
/* End PBXFileSystemSynchronizedRootGroup section */

/* Begin PBXFrameworksBuildPhase section */
		34A510092DC9481D00439E13 /* Frameworks */ = {
			isa = PBXFrameworksBuildPhase;
			buildActionMask = 2147483647;
			files = (
			);
			runOnlyForDeploymentPostprocessing = 0;
		};
		34A510162DC9481F00439E13 /* Frameworks */ = {
			isa = PBXFrameworksBuildPhase;
			buildActionMask = 2147483647;
			files = (
			);
			runOnlyForDeploymentPostprocessing = 0;
		};
		34A510202DC9481F00439E13 /* Frameworks */ = {
			isa = PBXFrameworksBuildPhase;
			buildActionMask = 2147483647;
			files = (
			);
			runOnlyForDeploymentPostprocessing = 0;
		};
/* End PBXFrameworksBuildPhase section */

/* Begin PBXGroup section */
		34A510032DC9481D00439E13 = {
			isa = PBXGroup;
			children = (
				34A5100E2DC9481D00439E13 /* ExerciseChallengeTracker */,
				34A5101C2DC9481F00439E13 /* ExerciseChallengeTrackerTests */,
				34A510262DC9481F00439E13 /* ExerciseChallengeTrackerUITests */,
				34A5100D2DC9481D00439E13 /* Products */,
			);
			sourceTree = "<group>";
		};
		34A5100D2DC9481D00439E13 /* Products */ = {
			isa = PBXGroup;
			children = (
				34A5100C2DC9481D00439E13 /* ExerciseChallengeTracker.app */,
				34A510192DC9481F00439E13 /* ExerciseChallengeTrackerTests.xctest */,
				34A510232DC9481F00439E13 /* ExerciseChallengeTrackerUITests.xctest */,
			);
			name = Products;
			sourceTree = "<group>";
		};
/* End PBXGroup section */

/* Begin PBXNativeTarget section */
		34A5100B2DC9481D00439E13 /* ExerciseChallengeTracker */ = {
			isa = PBXNativeTarget;
			buildConfigurationList = 34A5102D2DC9481F00439E13 /* Build configuration list for PBXNativeTarget "ExerciseChallengeTracker" */;
			buildPhases = (
				34A510082DC9481D00439E13 /* Sources */,
				34A510092DC9481D00439E13 /* Frameworks */,
				34A5100A2DC9481D00439E13 /* Resources */,
			);
			buildRules = (
			);
			dependencies = (
			);
			fileSystemSynchronizedGroups = (
				34A5100E2DC9481D00439E13 /* ExerciseChallengeTracker */,
			);
			name = ExerciseChallengeTracker;
			packageProductDependencies = (
			);
			productName = ExerciseChallengeTracker;
			productReference = 34A5100C2DC9481D00439E13 /* ExerciseChallengeTracker.app */;
			productType = "com.apple.product-type.application";
		};
		34A510182DC9481F00439E13 /* ExerciseChallengeTrackerTests */ = {
			isa = PBXNativeTarget;
			buildConfigurationList = 34A510302DC9481F00439E13 /* Build configuration list for PBXNativeTarget "ExerciseChallengeTrackerTests" */;
			buildPhases = (
				34A510152DC9481F00439E13 /* Sources */,
				34A510162DC9481F00439E13 /* Frameworks */,
				34A510172DC9481F00439E13 /* Resources */,
			);
			buildRules = (
			);
			dependencies = (
				34A5101B2DC9481F00439E13 /* PBXTargetDependency */,
			);
			fileSystemSynchronizedGroups = (
				34A5101C2DC9481F00439E13 /* ExerciseChallengeTrackerTests */,
			);
			name = ExerciseChallengeTrackerTests;
			packageProductDependencies = (
			);
			productName = ExerciseChallengeTrackerTests;
			productReference = 34A510192DC9481F00439E13 /* ExerciseChallengeTrackerTests.xctest */;
			productType = "com.apple.product-type.bundle.unit-test";
		};
		34A510222DC9481F00439E13 /* ExerciseChallengeTrackerUITests */ = {
			isa = PBXNativeTarget;
			buildConfigurationList = 34A510332DC9481F00439E13 /* Build configuration list for PBXNativeTarget "ExerciseChallengeTrackerUITests" */;
			buildPhases = (
				34A5101F2DC9481F00439E13 /* Sources */,
				34A510202DC9481F00439E13 /* Frameworks */,
				34A510212DC9481F00439E13 /* Resources */,
			);
			buildRules = (
			);
			dependencies = (
				34A510252DC9481F00439E13 /* PBXTargetDependency */,
			);
			fileSystemSynchronizedGroups = (
				34A510262DC9481F00439E13 /* ExerciseChallengeTrackerUITests */,
			);
			name = ExerciseChallengeTrackerUITests;
			packageProductDependencies = (
			);
			productName = ExerciseChallengeTrackerUITests;
			productReference = 34A510232DC9481F00439E13 /* ExerciseChallengeTrackerUITests.xctest */;
			productType = "com.apple.product-type.bundle.ui-testing";
		};
/* End PBXNativeTarget section */

/* Begin PBXProject section */
		34A510042DC9481D00439E13 /* Project object */ = {
			isa = PBXProject;
			attributes = {
				BuildIndependentTargetsInParallel = 1;
				LastSwiftUpdateCheck = 1630;
				LastUpgradeCheck = 1630;
				TargetAttributes = {
					34A5100B2DC9481D00439E13 = {
						CreatedOnToolsVersion = 16.3;
					};
					34A510182DC9481F00439E13 = {
						CreatedOnToolsVersion = 16.3;
						TestTargetID = 34A5100B2DC9481D00439E13;
					};
					34A510222DC9481F00439E13 = {
						CreatedOnToolsVersion = 16.3;
						TestTargetID = 34A5100B2DC9481D00439E13;
					};
				};
			};
			buildConfigurationList = 34A510072DC9481D00439E13 /* Build configuration list for PBXProject "ExerciseChallengeTracker" */;
			developmentRegion = en;
			hasScannedForEncodings = 0;
			knownRegions = (
				en,
				Base,
			);
			mainGroup = 34A510032DC9481D00439E13;
			minimizedProjectReferenceProxies = 1;
			preferredProjectObjectVersion = 77;
			productRefGroup = 34A5100D2DC9481D00439E13 /* Products */;
			projectDirPath = "";
			projectRoot = "";
			targets = (
				34A5100B2DC9481D00439E13 /* ExerciseChallengeTracker */,
				34A510182DC9481F00439E13 /* ExerciseChallengeTrackerTests */,
				34A510222DC9481F00439E13 /* ExerciseChallengeTrackerUITests */,
			);
		};
/* End PBXProject section */

/* Begin PBXResourcesBuildPhase section */
		34A5100A2DC9481D00439E13 /* Resources */ = {
			isa = PBXResourcesBuildPhase;
			buildActionMask = 2147483647;
			files = (
			);
			runOnlyForDeploymentPostprocessing = 0;
		};
		34A510172DC9481F00439E13 /* Resources */ = {
			isa = PBXResourcesBuildPhase;
			buildActionMask = 2147483647;
			files = (
			);
			runOnlyForDeploymentPostprocessing = 0;
		};
		34A510212DC9481F00439E13 /* Resources */ = {
			isa = PBXResourcesBuildPhase;
			buildActionMask = 2147483647;
			files = (
			);
			runOnlyForDeploymentPostprocessing = 0;
		};
/* End PBXResourcesBuildPhase section */

/* Begin PBXSourcesBuildPhase section */
		34A510082DC9481D00439E13 /* Sources */ = {
			isa = PBXSourcesBuildPhase;
			buildActionMask = 2147483647;
			files = (
			);
			runOnlyForDeploymentPostprocessing = 0;
		};
		34A510152DC9481F00439E13 /* Sources */ = {
			isa = PBXSourcesBuildPhase;
			buildActionMask = 2147483647;
			files = (
			);
			runOnlyForDeploymentPostprocessing = 0;
		};
		34A5101F2DC9481F00439E13 /* Sources */ = {
			isa = PBXSourcesBuildPhase;
			buildActionMask = 2147483647;
			files = (
			);
			runOnlyForDeploymentPostprocessing = 0;
		};
/* End PBXSourcesBuildPhase section */

/* Begin PBXTargetDependency section */
		34A5101B2DC9481F00439E13 /* PBXTargetDependency */ = {
			isa = PBXTargetDependency;
			target = 34A5100B2DC9481D00439E13 /* ExerciseChallengeTracker */;
			targetProxy = 34A5101A2DC9481F00439E13 /* PBXContainerItemProxy */;
		};
		34A510252DC9481F00439E13 /* PBXTargetDependency */ = {
			isa = PBXTargetDependency;
			target = 34A5100B2DC9481D00439E13 /* ExerciseChallengeTracker */;
			targetProxy = 34A510242DC9481F00439E13 /* PBXContainerItemProxy */;
		};
/* End PBXTargetDependency section */

/* Begin XCBuildConfiguration section */
		34A5102B2DC9481F00439E13 /* Debug */ = {
			isa = XCBuildConfiguration;
			buildSettings = {
				ALWAYS_SEARCH_USER_PATHS = NO;
				ASSETCATALOG_COMPILER_GENERATE_SWIFT_ASSET_SYMBOL_EXTENSIONS = YES;
				CLANG_ANALYZER_NONNULL = YES;
				CLANG_ANALYZER_NUMBER_OBJECT_CONVERSION = YES_AGGRESSIVE;
				CLANG_CXX_LANGUAGE_STANDARD = "gnu++20";
				CLANG_ENABLE_MODULES = YES;
				CLANG_ENABLE_OBJC_ARC = YES;
				CLANG_ENABLE_OBJC_WEAK = YES;
				CLANG_WARN_BLOCK_CAPTURE_AUTORELEASING = YES;
				CLANG_WARN_BOOL_CONVERSION = YES;
				CLANG_WARN_COMMA = YES;
				CLANG_WARN_CONSTANT_CONVERSION = YES;
				CLANG_WARN_DEPRECATED_OBJC_IMPLEMENTATIONS = YES;
				CLANG_WARN_DIRECT_OBJC_ISA_USAGE = YES_ERROR;
				CLANG_WARN_DOCUMENTATION_COMMENTS = YES;
				CLANG_WARN_EMPTY_BODY = YES;
				CLANG_WARN_ENUM_CONVERSION = YES;
				CLANG_WARN_INFINITE_RECURSION = YES;
				CLANG_WARN_INT_CONVERSION = YES;
				CLANG_WARN_NON_LITERAL_NULL_CONVERSION = YES;
				CLANG_WARN_OBJC_IMPLICIT_RETAIN_SELF = YES;
				CLANG_WARN_OBJC_LITERAL_CONVERSION = YES;
				CLANG_WARN_OBJC_ROOT_CLASS = YES_ERROR;
				CLANG_WARN_QUOTED_INCLUDE_IN_FRAMEWORK_HEADER = YES;
				CLANG_WARN_RANGE_LOOP_ANALYSIS = YES;
				CLANG_WARN_STRICT_PROTOTYPES = YES;
				CLANG_WARN_SUSPICIOUS_MOVE = YES;
				CLANG_WARN_UNGUARDED_AVAILABILITY = YES_AGGRESSIVE;
				CLANG_WARN_UNREACHABLE_CODE = YES;
				CLANG_WARN__DUPLICATE_METHOD_MATCH = YES;
				COPY_PHASE_STRIP = NO;
				DEBUG_INFORMATION_FORMAT = dwarf;
				ENABLE_STRICT_OBJC_MSGSEND = YES;
				ENABLE_TESTABILITY = YES;
				ENABLE_USER_SCRIPT_SANDBOXING = YES;
				GCC_C_LANGUAGE_STANDARD = gnu17;
				GCC_DYNAMIC_NO_PIC = NO;
				GCC_NO_COMMON_BLOCKS = YES;
				GCC_OPTIMIZATION_LEVEL = 0;
				GCC_PREPROCESSOR_DEFINITIONS = (
					"DEBUG=1",
					"$(inherited)",
				);
				GCC_WARN_64_TO_32_BIT_CONVERSION = YES;
				GCC_WARN_ABOUT_RETURN_TYPE = YES_ERROR;
				GCC_WARN_UNDECLARED_SELECTOR = YES;
				GCC_WARN_UNINITIALIZED_AUTOS = YES_AGGRESSIVE;
				GCC_WARN_UNUSED_FUNCTION = YES;
				GCC_WARN_UNUSED_VARIABLE = YES;
				IPHONEOS_DEPLOYMENT_TARGET = 18.4;
				LOCALIZATION_PREFERS_STRING_CATALOGS = YES;
				MTL_ENABLE_DEBUG_INFO = INCLUDE_SOURCE;
				MTL_FAST_MATH = YES;
				ONLY_ACTIVE_ARCH = YES;
				SDKROOT = iphoneos;
				SWIFT_ACTIVE_COMPILATION_CONDITIONS = "DEBUG $(inherited)";
				SWIFT_OPTIMIZATION_LEVEL = "-Onone";
			};
			name = Debug;
		};
		34A5102C2DC9481F00439E13 /* Release */ = {
			isa = XCBuildConfiguration;
			buildSettings = {
				ALWAYS_SEARCH_USER_PATHS = NO;
				ASSETCATALOG_COMPILER_GENERATE_SWIFT_ASSET_SYMBOL_EXTENSIONS = YES;
				CLANG_ANALYZER_NONNULL = YES;
				CLANG_ANALYZER_NUMBER_OBJECT_CONVERSION = YES_AGGRESSIVE;
				CLANG_CXX_LANGUAGE_STANDARD = "gnu++20";
				CLANG_ENABLE_MODULES = YES;
				CLANG_ENABLE_OBJC_ARC = YES;
				CLANG_ENABLE_OBJC_WEAK = YES;
				CLANG_WARN_BLOCK_CAPTURE_AUTORELEASING = YES;
				CLANG_WARN_BOOL_CONVERSION = YES;
				CLANG_WARN_COMMA = YES;
				CLANG_WARN_CONSTANT_CONVERSION = YES;
				CLANG_WARN_DEPRECATED_OBJC_IMPLEMENTATIONS = YES;
				CLANG_WARN_DIRECT_OBJC_ISA_USAGE = YES_ERROR;
				CLANG_WARN_DOCUMENTATION_COMMENTS = YES;
				CLANG_WARN_EMPTY_BODY = YES;
				CLANG_WARN_ENUM_CONVERSION = YES;
				CLANG_WARN_INFINITE_RECURSION = YES;
				CLANG_WARN_INT_CONVERSION = YES;
				CLANG_WARN_NON_LITERAL_NULL_CONVERSION = YES;
				CLANG_WARN_OBJC_IMPLICIT_RETAIN_SELF = YES;
				CLANG_WARN_OBJC_LITERAL_CONVERSION = YES;
				CLANG_WARN_OBJC_ROOT_CLASS = YES_ERROR;
				CLANG_WARN_QUOTED_INCLUDE_IN_FRAMEWORK_HEADER = YES;
				CLANG_WARN_RANGE_LOOP_ANALYSIS = YES;
				CLANG_WARN_STRICT_PROTOTYPES = YES;
				CLANG_WARN_SUSPICIOUS_MOVE = YES;
				CLANG_WARN_UNGUARDED_AVAILABILITY = YES_AGGRESSIVE;
				CLANG_WARN_UNREACHABLE_CODE = YES;
				CLANG_WARN__DUPLICATE_METHOD_MATCH = YES;
				COPY_PHASE_STRIP = NO;
				DEBUG_INFORMATION_FORMAT = "dwarf-with-dsym";
				ENABLE_NS_ASSERTIONS = NO;
				ENABLE_STRICT_OBJC_MSGSEND = YES;
				ENABLE_USER_SCRIPT_SANDBOXING = YES;
				GCC_C_LANGUAGE_STANDARD = gnu17;
				GCC_NO_COMMON_BLOCKS = YES;
				GCC_WARN_64_TO_32_BIT_CONVERSION = YES;
				GCC_WARN_ABOUT_RETURN_TYPE = YES_ERROR;
				GCC_WARN_UNDECLARED_SELECTOR = YES;
				GCC_WARN_UNINITIALIZED_AUTOS = YES_AGGRESSIVE;
				GCC_WARN_UNUSED_FUNCTION = YES;
				GCC_WARN_UNUSED_VARIABLE = YES;
				IPHONEOS_DEPLOYMENT_TARGET = 18.4;
				LOCALIZATION_PREFERS_STRING_CATALOGS = YES;
				MTL_ENABLE_DEBUG_INFO = NO;
				MTL_FAST_MATH = YES;
				SDKROOT = iphoneos;
				SWIFT_COMPILATION_MODE = wholemodule;
				VALIDATE_PRODUCT = YES;
			};
			name = Release;
		};
		34A5102E2DC9481F00439E13 /* Debug */ = {
			isa = XCBuildConfiguration;
			buildSettings = {
				ASSETCATALOG_COMPILER_APPICON_NAME = AppIcon;
				ASSETCATALOG_COMPILER_GLOBAL_ACCENT_COLOR_NAME = AccentColor;
				CODE_SIGN_STYLE = Automatic;
				CURRENT_PROJECT_VERSION = 1;
				ENABLE_PREVIEWS = YES;
				GENERATE_INFOPLIST_FILE = YES;
				INFOPLIST_KEY_UIApplicationSceneManifest_Generation = YES;
				INFOPLIST_KEY_UIApplicationSupportsIndirectInputEvents = YES;
				INFOPLIST_KEY_UILaunchScreen_Generation = YES;
				INFOPLIST_KEY_UISupportedInterfaceOrientations_iPad = "UIInterfaceOrientationPortrait UIInterfaceOrientationPortraitUpsideDown UIInterfaceOrientationLandscapeLeft UIInterfaceOrientationLandscapeRight";
				INFOPLIST_KEY_UISupportedInterfaceOrientations_iPhone = "UIInterfaceOrientationPortrait UIInterfaceOrientationLandscapeLeft UIInterfaceOrientationLandscapeRight";
				LD_RUNPATH_SEARCH_PATHS = (
					"$(inherited)",
					"@executable_path/Frameworks",
				);
				MARKETING_VERSION = 1.0;
				PRODUCT_BUNDLE_IDENTIFIER = com.ECT.ExerciseChallengeTracker;
				PRODUCT_NAME = "$(TARGET_NAME)";
				SWIFT_EMIT_LOC_STRINGS = YES;
				SWIFT_VERSION = 5.0;
				TARGETED_DEVICE_FAMILY = "1,2";
			};
			name = Debug;
		};
		34A5102F2DC9481F00439E13 /* Release */ = {
			isa = XCBuildConfiguration;
			buildSettings = {
				ASSETCATALOG_COMPILER_APPICON_NAME = AppIcon;
				ASSETCATALOG_COMPILER_GLOBAL_ACCENT_COLOR_NAME = AccentColor;
				CODE_SIGN_STYLE = Automatic;
				CURRENT_PROJECT_VERSION = 1;
				ENABLE_PREVIEWS = YES;
				GENERATE_INFOPLIST_FILE = YES;
				INFOPLIST_KEY_UIApplicationSceneManifest_Generation = YES;
				INFOPLIST_KEY_UIApplicationSupportsIndirectInputEvents = YES;
				INFOPLIST_KEY_UILaunchScreen_Generation = YES;
				INFOPLIST_KEY_UISupportedInterfaceOrientations_iPad = "UIInterfaceOrientationPortrait UIInterfaceOrientationPortraitUpsideDown UIInterfaceOrientationLandscapeLeft UIInterfaceOrientationLandscapeRight";
				INFOPLIST_KEY_UISupportedInterfaceOrientations_iPhone = "UIInterfaceOrientationPortrait UIInterfaceOrientationLandscapeLeft UIInterfaceOrientationLandscapeRight";
				LD_RUNPATH_SEARCH_PATHS = (
					"$(inherited)",
					"@executable_path/Frameworks",
				);
				MARKETING_VERSION = 1.0;
				PRODUCT_BUNDLE_IDENTIFIER = com.ECT.ExerciseChallengeTracker;
				PRODUCT_NAME = "$(TARGET_NAME)";
				SWIFT_EMIT_LOC_STRINGS = YES;
				SWIFT_VERSION = 5.0;
				TARGETED_DEVICE_FAMILY = "1,2";
			};
			name = Release;
		};
		34A510312DC9481F00439E13 /* Debug */ = {
			isa = XCBuildConfiguration;
			buildSettings = {
				BUNDLE_LOADER = "$(TEST_HOST)";
				CODE_SIGN_STYLE = Automatic;
				CURRENT_PROJECT_VERSION = 1;
				GENERATE_INFOPLIST_FILE = YES;
				IPHONEOS_DEPLOYMENT_TARGET = 18.4;
				MARKETING_VERSION = 1.0;
				PRODUCT_BUNDLE_IDENTIFIER = com.ECT.ExerciseChallengeTrackerTests;
				PRODUCT_NAME = "$(TARGET_NAME)";
				SWIFT_EMIT_LOC_STRINGS = NO;
				SWIFT_VERSION = 5.0;
				TARGETED_DEVICE_FAMILY = "1,2";
				TEST_HOST = "$(BUILT_PRODUCTS_DIR)/ExerciseChallengeTracker.app/$(BUNDLE_EXECUTABLE_FOLDER_PATH)/ExerciseChallengeTracker";
			};
			name = Debug;
		};
		34A510322DC9481F00439E13 /* Release */ = {
			isa = XCBuildConfiguration;
			buildSettings = {
				BUNDLE_LOADER = "$(TEST_HOST)";
				CODE_SIGN_STYLE = Automatic;
				CURRENT_PROJECT_VERSION = 1;
				GENERATE_INFOPLIST_FILE = YES;
				IPHONEOS_DEPLOYMENT_TARGET = 18.4;
				MARKETING_VERSION = 1.0;
				PRODUCT_BUNDLE_IDENTIFIER = com.ECT.ExerciseChallengeTrackerTests;
				PRODUCT_NAME = "$(TARGET_NAME)";
				SWIFT_EMIT_LOC_STRINGS = NO;
				SWIFT_VERSION = 5.0;
				TARGETED_DEVICE_FAMILY = "1,2";
				TEST_HOST = "$(BUILT_PRODUCTS_DIR)/ExerciseChallengeTracker.app/$(BUNDLE_EXECUTABLE_FOLDER_PATH)/ExerciseChallengeTracker";
			};
			name = Release;
		};
		34A510342DC9481F00439E13 /* Debug */ = {
			isa = XCBuildConfiguration;
			buildSettings = {
				CODE_SIGN_STYLE = Automatic;
				CURRENT_PROJECT_VERSION = 1;
				GENERATE_INFOPLIST_FILE = YES;
				MARKETING_VERSION = 1.0;
				PRODUCT_BUNDLE_IDENTIFIER = com.ECT.ExerciseChallengeTrackerUITests;
				PRODUCT_NAME = "$(TARGET_NAME)";
				SWIFT_EMIT_LOC_STRINGS = NO;
				SWIFT_VERSION = 5.0;
				TARGETED_DEVICE_FAMILY = "1,2";
				TEST_TARGET_NAME = ExerciseChallengeTracker;
			};
			name = Debug;
		};
		34A510352DC9481F00439E13 /* Release */ = {
			isa = XCBuildConfiguration;
			buildSettings = {
				CODE_SIGN_STYLE = Automatic;
				CURRENT_PROJECT_VERSION = 1;
				GENERATE_INFOPLIST_FILE = YES;
				MARKETING_VERSION = 1.0;
				PRODUCT_BUNDLE_IDENTIFIER = com.ECT.ExerciseChallengeTrackerUITests;
				PRODUCT_NAME = "$(TARGET_NAME)";
				SWIFT_EMIT_LOC_STRINGS = NO;
				SWIFT_VERSION = 5.0;
				TARGETED_DEVICE_FAMILY = "1,2";
				TEST_TARGET_NAME = ExerciseChallengeTracker;
			};
			name = Release;
		};
/* End XCBuildConfiguration section */

/* Begin XCConfigurationList section */
		34A510072DC9481D00439E13 /* Build configuration list for PBXProject "ExerciseChallengeTracker" */ = {
			isa = XCConfigurationList;
			buildConfigurations = (
				34A5102B2DC9481F00439E13 /* Debug */,
				34A5102C2DC9481F00439E13 /* Release */,
			);
			defaultConfigurationIsVisible = 0;
			defaultConfigurationName = Release;
		};
		34A5102D2DC9481F00439E13 /* Build configuration list for PBXNativeTarget "ExerciseChallengeTracker" */ = {
			isa = XCConfigurationList;
			buildConfigurations = (
				34A5102E2DC9481F00439E13 /* Debug */,
				34A5102F2DC9481F00439E13 /* Release */,
			);
			defaultConfigurationIsVisible = 0;
			defaultConfigurationName = Release;
		};
		34A510302DC9481F00439E13 /* Build configuration list for PBXNativeTarget "ExerciseChallengeTrackerTests" */ = {
			isa = XCConfigurationList;
			buildConfigurations = (
				34A510312DC9481F00439E13 /* Debug */,
				34A510322DC9481F00439E13 /* Release */,
			);
			defaultConfigurationIsVisible = 0;
			defaultConfigurationName = Release;
		};
		34A510332DC9481F00439E13 /* Build configuration list for PBXNativeTarget "ExerciseChallengeTrackerUITests" */ = {
			isa = XCConfigurationList;
			buildConfigurations = (
				34A510342DC9481F00439E13 /* Debug */,
				34A510352DC9481F00439E13 /* Release */,
			);
			defaultConfigurationIsVisible = 0;
			defaultConfigurationName = Release;
		};
/* End XCConfigurationList section */
	};
	rootObject = 34A510042DC9481D00439E13 /* Project object */;
}
